// !$*UTF8*$!
{
	archiveVersion = 1;
	classes = {
	};
	objectVersion = 56;
	objects = {

/* Begin PBXBuildFile section */
		609CC9432B05EBBD008C618B /* App_FrameworksApp.swift in Sources */ = {isa = PBXBuildFile; fileRef = 609CC9422B05EBBD008C618B /* App_FrameworksApp.swift */; };
		609CC9472B05EBC3008C618B /* Assets.xcassets in Resources */ = {isa = PBXBuildFile; fileRef = 609CC9462B05EBC3008C618B /* Assets.xcassets */; };
		609CC94A2B05EBC3008C618B /* Preview Assets.xcassets in Resources */ = {isa = PBXBuildFile; fileRef = 609CC9492B05EBC3008C618B /* Preview Assets.xcassets */; };
		609CC9542B05EBC4008C618B /* App_FrameworksTests.swift in Sources */ = {isa = PBXBuildFile; fileRef = 609CC9532B05EBC4008C618B /* App_FrameworksTests.swift */; };
		609CC95E2B05EBC4008C618B /* App_FrameworksUITests.swift in Sources */ = {isa = PBXBuildFile; fileRef = 609CC95D2B05EBC4008C618B /* App_FrameworksUITests.swift */; };
		609CC9602B05EBC4008C618B /* App_FrameworksUITestsLaunchTests.swift in Sources */ = {isa = PBXBuildFile; fileRef = 609CC95F2B05EBC4008C618B /* App_FrameworksUITestsLaunchTests.swift */; };
		609CC96D2B05F6F3008C618B /* Framework.swift in Sources */ = {isa = PBXBuildFile; fileRef = 609CC96C2B05F6F3008C618B /* Framework.swift */; };
		609CC96F2B05FE24008C618B /* FrameworkGridView.swift in Sources */ = {isa = PBXBuildFile; fileRef = 609CC96E2B05FE24008C618B /* FrameworkGridView.swift */; };
		609CC9752B061B73008C618B /* FrameworkDetailView.swift in Sources */ = {isa = PBXBuildFile; fileRef = 609CC9742B061B73008C618B /* FrameworkDetailView.swift */; };
		609CC9772B06212D008C618B /* AFButton.swift in Sources */ = {isa = PBXBuildFile; fileRef = 609CC9762B06212D008C618B /* AFButton.swift */; };
/* End PBXBuildFile section */

/* Begin PBXContainerItemProxy section */
		609CC9502B05EBC4008C618B /* PBXContainerItemProxy */ = {
			isa = PBXContainerItemProxy;
			containerPortal = 609CC9372B05EBBC008C618B /* Project object */;
			proxyType = 1;
			remoteGlobalIDString = 609CC93E2B05EBBD008C618B;
			remoteInfo = "App-Frameworks";
		};
		609CC95A2B05EBC4008C618B /* PBXContainerItemProxy */ = {
			isa = PBXContainerItemProxy;
			containerPortal = 609CC9372B05EBBC008C618B /* Project object */;
			proxyType = 1;
			remoteGlobalIDString = 609CC93E2B05EBBD008C618B;
			remoteInfo = "App-Frameworks";
		};
/* End PBXContainerItemProxy section */

/* Begin PBXFileReference section */
		609CC93F2B05EBBD008C618B /* App-Frameworks.app */ = {isa = PBXFileReference; explicitFileType = wrapper.application; includeInIndex = 0; path = "App-Frameworks.app"; sourceTree = BUILT_PRODUCTS_DIR; };
		609CC9422B05EBBD008C618B /* App_FrameworksApp.swift */ = {isa = PBXFileReference; lastKnownFileType = sourcecode.swift; path = App_FrameworksApp.swift; sourceTree = "<group>"; };
		609CC9462B05EBC3008C618B /* Assets.xcassets */ = {isa = PBXFileReference; lastKnownFileType = folder.assetcatalog; path = Assets.xcassets; sourceTree = "<group>"; };
		609CC9492B05EBC3008C618B /* Preview Assets.xcassets */ = {isa = PBXFileReference; lastKnownFileType = folder.assetcatalog; path = "Preview Assets.xcassets"; sourceTree = "<group>"; };
		609CC94F2B05EBC4008C618B /* App-FrameworksTests.xctest */ = {isa = PBXFileReference; explicitFileType = wrapper.cfbundle; includeInIndex = 0; path = "App-FrameworksTests.xctest"; sourceTree = BUILT_PRODUCTS_DIR; };
		609CC9532B05EBC4008C618B /* App_FrameworksTests.swift */ = {isa = PBXFileReference; lastKnownFileType = sourcecode.swift; path = App_FrameworksTests.swift; sourceTree = "<group>"; };
		609CC9592B05EBC4008C618B /* App-FrameworksUITests.xctest */ = {isa = PBXFileReference; explicitFileType = wrapper.cfbundle; includeInIndex = 0; path = "App-FrameworksUITests.xctest"; sourceTree = BUILT_PRODUCTS_DIR; };
		609CC95D2B05EBC4008C618B /* App_FrameworksUITests.swift */ = {isa = PBXFileReference; lastKnownFileType = sourcecode.swift; path = App_FrameworksUITests.swift; sourceTree = "<group>"; };
		609CC95F2B05EBC4008C618B /* App_FrameworksUITestsLaunchTests.swift */ = {isa = PBXFileReference; lastKnownFileType = sourcecode.swift; path = App_FrameworksUITestsLaunchTests.swift; sourceTree = "<group>"; };
		609CC96C2B05F6F3008C618B /* Framework.swift */ = {isa = PBXFileReference; lastKnownFileType = sourcecode.swift; path = Framework.swift; sourceTree = "<group>"; };
		609CC96E2B05FE24008C618B /* FrameworkGridView.swift */ = {isa = PBXFileReference; lastKnownFileType = sourcecode.swift; path = FrameworkGridView.swift; sourceTree = "<group>"; };
		609CC9742B061B73008C618B /* FrameworkDetailView.swift */ = {isa = PBXFileReference; lastKnownFileType = sourcecode.swift; path = FrameworkDetailView.swift; sourceTree = "<group>"; };
		609CC9762B06212D008C618B /* AFButton.swift */ = {isa = PBXFileReference; lastKnownFileType = sourcecode.swift; path = AFButton.swift; sourceTree = "<group>"; };
/* End PBXFileReference section */

/* Begin PBXFrameworksBuildPhase section */
		609CC93C2B05EBBD008C618B /* Frameworks */ = {
			isa = PBXFrameworksBuildPhase;
			buildActionMask = 2147483647;
			files = (
			);
			runOnlyForDeploymentPostprocessing = 0;
		};
		609CC94C2B05EBC4008C618B /* Frameworks */ = {
			isa = PBXFrameworksBuildPhase;
			buildActionMask = 2147483647;
			files = (
			);
			runOnlyForDeploymentPostprocessing = 0;
		};
		609CC9562B05EBC4008C618B /* Frameworks */ = {
			isa = PBXFrameworksBuildPhase;
			buildActionMask = 2147483647;
			files = (
			);
			runOnlyForDeploymentPostprocessing = 0;
		};
/* End PBXFrameworksBuildPhase section */

/* Begin PBXGroup section */
		609CC9362B05EBBC008C618B = {
			isa = PBXGroup;
			children = (
				609CC9412B05EBBD008C618B /* App-Frameworks */,
				609CC9522B05EBC4008C618B /* App-FrameworksTests */,
				609CC95C2B05EBC4008C618B /* App-FrameworksUITests */,
				609CC9402B05EBBD008C618B /* Products */,
			);
			sourceTree = "<group>";
		};
		609CC9402B05EBBD008C618B /* Products */ = {
			isa = PBXGroup;
			children = (
				609CC93F2B05EBBD008C618B /* App-Frameworks.app */,
				609CC94F2B05EBC4008C618B /* App-FrameworksTests.xctest */,
				609CC9592B05EBC4008C618B /* App-FrameworksUITests.xctest */,
			);
			name = Products;
			sourceTree = "<group>";
		};
		609CC9412B05EBBD008C618B /* App-Frameworks */ = {
			isa = PBXGroup;
			children = (
				609CC9422B05EBBD008C618B /* App_FrameworksApp.swift */,
				609CC96E2B05FE24008C618B /* FrameworkGridView.swift */,
				609CC9742B061B73008C618B /* FrameworkDetailView.swift */,
				609CC96C2B05F6F3008C618B /* Framework.swift */,
				609CC9462B05EBC3008C618B /* Assets.xcassets */,
				609CC9482B05EBC3008C618B /* Preview Content */,
				609CC9762B06212D008C618B /* AFButton.swift */,
			);
			path = "App-Frameworks";
			sourceTree = "<group>";
		};
		609CC9482B05EBC3008C618B /* Preview Content */ = {
			isa = PBXGroup;
			children = (
				609CC9492B05EBC3008C618B /* Preview Assets.xcassets */,
			);
			path = "Preview Content";
			sourceTree = "<group>";
		};
		609CC9522B05EBC4008C618B /* App-FrameworksTests */ = {
			isa = PBXGroup;
			children = (
				609CC9532B05EBC4008C618B /* App_FrameworksTests.swift */,
			);
			path = "App-FrameworksTests";
			sourceTree = "<group>";
		};
		609CC95C2B05EBC4008C618B /* App-FrameworksUITests */ = {
			isa = PBXGroup;
			children = (
				609CC95D2B05EBC4008C618B /* App_FrameworksUITests.swift */,
				609CC95F2B05EBC4008C618B /* App_FrameworksUITestsLaunchTests.swift */,
			);
			path = "App-FrameworksUITests";
			sourceTree = "<group>";
		};
/* End PBXGroup section */

/* Begin PBXNativeTarget section */
		609CC93E2B05EBBD008C618B /* App-Frameworks */ = {
			isa = PBXNativeTarget;
			buildConfigurationList = 609CC9632B05EBC4008C618B /* Build configuration list for PBXNativeTarget "App-Frameworks" */;
			buildPhases = (
				609CC93B2B05EBBD008C618B /* Sources */,
				609CC93C2B05EBBD008C618B /* Frameworks */,
				609CC93D2B05EBBD008C618B /* Resources */,
			);
			buildRules = (
			);
			dependencies = (
			);
			name = "App-Frameworks";
			productName = "App-Frameworks";
			productReference = 609CC93F2B05EBBD008C618B /* App-Frameworks.app */;
			productType = "com.apple.product-type.application";
		};
		609CC94E2B05EBC4008C618B /* App-FrameworksTests */ = {
			isa = PBXNativeTarget;
			buildConfigurationList = 609CC9662B05EBC4008C618B /* Build configuration list for PBXNativeTarget "App-FrameworksTests" */;
			buildPhases = (
				609CC94B2B05EBC4008C618B /* Sources */,
				609CC94C2B05EBC4008C618B /* Frameworks */,
				609CC94D2B05EBC4008C618B /* Resources */,
			);
			buildRules = (
			);
			dependencies = (
				609CC9512B05EBC4008C618B /* PBXTargetDependency */,
			);
			name = "App-FrameworksTests";
			productName = "App-FrameworksTests";
			productReference = 609CC94F2B05EBC4008C618B /* App-FrameworksTests.xctest */;
			productType = "com.apple.product-type.bundle.unit-test";
		};
		609CC9582B05EBC4008C618B /* App-FrameworksUITests */ = {
			isa = PBXNativeTarget;
			buildConfigurationList = 609CC9692B05EBC4008C618B /* Build configuration list for PBXNativeTarget "App-FrameworksUITests" */;
			buildPhases = (
				609CC9552B05EBC4008C618B /* Sources */,
				609CC9562B05EBC4008C618B /* Frameworks */,
				609CC9572B05EBC4008C618B /* Resources */,
			);
			buildRules = (
			);
			dependencies = (
				609CC95B2B05EBC4008C618B /* PBXTargetDependency */,
			);
			name = "App-FrameworksUITests";
			productName = "App-FrameworksUITests";
			productReference = 609CC9592B05EBC4008C618B /* App-FrameworksUITests.xctest */;
			productType = "com.apple.product-type.bundle.ui-testing";
		};
/* End PBXNativeTarget section */

/* Begin PBXProject section */
		609CC9372B05EBBC008C618B /* Project object */ = {
			isa = PBXProject;
			attributes = {
				BuildIndependentTargetsInParallel = 1;
				LastSwiftUpdateCheck = 1500;
				LastUpgradeCheck = 1500;
				TargetAttributes = {
					609CC93E2B05EBBD008C618B = {
						CreatedOnToolsVersion = 15.0;
					};
					609CC94E2B05EBC4008C618B = {
						CreatedOnToolsVersion = 15.0;
						TestTargetID = 609CC93E2B05EBBD008C618B;
					};
					609CC9582B05EBC4008C618B = {
						CreatedOnToolsVersion = 15.0;
						TestTargetID = 609CC93E2B05EBBD008C618B;
					};
				};
			};
			buildConfigurationList = 609CC93A2B05EBBC008C618B /* Build configuration list for PBXProject "App-Frameworks" */;
			compatibilityVersion = "Xcode 14.0";
			developmentRegion = en;
			hasScannedForEncodings = 0;
			knownRegions = (
				en,
				Base,
			);
			mainGroup = 609CC9362B05EBBC008C618B;
			productRefGroup = 609CC9402B05EBBD008C618B /* Products */;
			projectDirPath = "";
			projectRoot = "";
			targets = (
				609CC93E2B05EBBD008C618B /* App-Frameworks */,
				609CC94E2B05EBC4008C618B /* App-FrameworksTests */,
				609CC9582B05EBC4008C618B /* App-FrameworksUITests */,
			);
		};
/* End PBXProject section */

/* Begin PBXResourcesBuildPhase section */
		609CC93D2B05EBBD008C618B /* Resources */ = {
			isa = PBXResourcesBuildPhase;
			buildActionMask = 2147483647;
			files = (
				609CC94A2B05EBC3008C618B /* Preview Assets.xcassets in Resources */,
				609CC9472B05EBC3008C618B /* Assets.xcassets in Resources */,
			);
			runOnlyForDeploymentPostprocessing = 0;
		};
		609CC94D2B05EBC4008C618B /* Resources */ = {
			isa = PBXResourcesBuildPhase;
			buildActionMask = 2147483647;
			files = (
			);
			runOnlyForDeploymentPostprocessing = 0;
		};
		609CC9572B05EBC4008C618B /* Resources */ = {
			isa = PBXResourcesBuildPhase;
			buildActionMask = 2147483647;
			files = (
			);
			runOnlyForDeploymentPostprocessing = 0;
		};
/* End PBXResourcesBuildPhase section */

/* Begin PBXSourcesBuildPhase section */
		609CC93B2B05EBBD008C618B /* Sources */ = {
			isa = PBXSourcesBuildPhase;
			buildActionMask = 2147483647;
			files = (
				609CC9752B061B73008C618B /* FrameworkDetailView.swift in Sources */,
				609CC96F2B05FE24008C618B /* FrameworkGridView.swift in Sources */,
				609CC96D2B05F6F3008C618B /* Framework.swift in Sources */,
				609CC9772B06212D008C618B /* AFButton.swift in Sources */,
				609CC9432B05EBBD008C618B /* App_FrameworksApp.swift in Sources */,
			);
			runOnlyForDeploymentPostprocessing = 0;
		};
		609CC94B2B05EBC4008C618B /* Sources */ = {
			isa = PBXSourcesBuildPhase;
			buildActionMask = 2147483647;
			files = (
				609CC9542B05EBC4008C618B /* App_FrameworksTests.swift in Sources */,
			);
			runOnlyForDeploymentPostprocessing = 0;
		};
		609CC9552B05EBC4008C618B /* Sources */ = {
			isa = PBXSourcesBuildPhase;
			buildActionMask = 2147483647;
			files = (
				609CC95E2B05EBC4008C618B /* App_FrameworksUITests.swift in Sources */,
				609CC9602B05EBC4008C618B /* App_FrameworksUITestsLaunchTests.swift in Sources */,
			);
			runOnlyForDeploymentPostprocessing = 0;
		};
/* End PBXSourcesBuildPhase section */

/* Begin PBXTargetDependency section */
		609CC9512B05EBC4008C618B /* PBXTargetDependency */ = {
			isa = PBXTargetDependency;
			target = 609CC93E2B05EBBD008C618B /* App-Frameworks */;
			targetProxy = 609CC9502B05EBC4008C618B /* PBXContainerItemProxy */;
		};
		609CC95B2B05EBC4008C618B /* PBXTargetDependency */ = {
			isa = PBXTargetDependency;
			target = 609CC93E2B05EBBD008C618B /* App-Frameworks */;
			targetProxy = 609CC95A2B05EBC4008C618B /* PBXContainerItemProxy */;
		};
/* End PBXTargetDependency section */

/* Begin XCBuildConfiguration section */
		609CC9612B05EBC4008C618B /* Debug */ = {
			isa = XCBuildConfiguration;
			buildSettings = {
				ALWAYS_SEARCH_USER_PATHS = NO;
				ASSETCATALOG_COMPILER_GENERATE_SWIFT_ASSET_SYMBOL_EXTENSIONS = YES;
				CLANG_ANALYZER_NONNULL = YES;
				CLANG_ANALYZER_NUMBER_OBJECT_CONVERSION = YES_AGGRESSIVE;
				CLANG_CXX_LANGUAGE_STANDARD = "gnu++20";
				CLANG_ENABLE_MODULES = YES;
				CLANG_ENABLE_OBJC_ARC = YES;
				CLANG_ENABLE_OBJC_WEAK = YES;
				CLANG_WARN_BLOCK_CAPTURE_AUTORELEASING = YES;
				CLANG_WARN_BOOL_CONVERSION = YES;
				CLANG_WARN_COMMA = YES;
				CLANG_WARN_CONSTANT_CONVERSION = YES;
				CLANG_WARN_DEPRECATED_OBJC_IMPLEMENTATIONS = YES;
				CLANG_WARN_DIRECT_OBJC_ISA_USAGE = YES_ERROR;
				CLANG_WARN_DOCUMENTATION_COMMENTS = YES;
				CLANG_WARN_EMPTY_BODY = YES;
				CLANG_WARN_ENUM_CONVERSION = YES;
				CLANG_WARN_INFINITE_RECURSION = YES;
				CLANG_WARN_INT_CONVERSION = YES;
				CLANG_WARN_NON_LITERAL_NULL_CONVERSION = YES;
				CLANG_WARN_OBJC_IMPLICIT_RETAIN_SELF = YES;
				CLANG_WARN_OBJC_LITERAL_CONVERSION = YES;
				CLANG_WARN_OBJC_ROOT_CLASS = YES_ERROR;
				CLANG_WARN_QUOTED_INCLUDE_IN_FRAMEWORK_HEADER = YES;
				CLANG_WARN_RANGE_LOOP_ANALYSIS = YES;
				CLANG_WARN_STRICT_PROTOTYPES = YES;
				CLANG_WARN_SUSPICIOUS_MOVE = YES;
				CLANG_WARN_UNGUARDED_AVAILABILITY = YES_AGGRESSIVE;
				CLANG_WARN_UNREACHABLE_CODE = YES;
				CLANG_WARN__DUPLICATE_METHOD_MATCH = YES;
				COPY_PHASE_STRIP = NO;
				DEBUG_INFORMATION_FORMAT = dwarf;
				ENABLE_STRICT_OBJC_MSGSEND = YES;
				ENABLE_TESTABILITY = YES;
				ENABLE_USER_SCRIPT_SANDBOXING = YES;
				GCC_C_LANGUAGE_STANDARD = gnu17;
				GCC_DYNAMIC_NO_PIC = NO;
				GCC_NO_COMMON_BLOCKS = YES;
				GCC_OPTIMIZATION_LEVEL = 0;
				GCC_PREPROCESSOR_DEFINITIONS = (
					"DEBUG=1",
					"$(inherited)",
				);
				GCC_WARN_64_TO_32_BIT_CONVERSION = YES;
				GCC_WARN_ABOUT_RETURN_TYPE = YES_ERROR;
				GCC_WARN_UNDECLARED_SELECTOR = YES;
				GCC_WARN_UNINITIALIZED_AUTOS = YES_AGGRESSIVE;
				GCC_WARN_UNUSED_FUNCTION = YES;
				GCC_WARN_UNUSED_VARIABLE = YES;
				IPHONEOS_DEPLOYMENT_TARGET = 17.0;
				LOCALIZATION_PREFERS_STRING_CATALOGS = YES;
				MTL_ENABLE_DEBUG_INFO = INCLUDE_SOURCE;
				MTL_FAST_MATH = YES;
				ONLY_ACTIVE_ARCH = YES;
				SDKROOT = iphoneos;
				SWIFT_ACTIVE_COMPILATION_CONDITIONS = "DEBUG $(inherited)";
				SWIFT_OPTIMIZATION_LEVEL = "-Onone";
			};
			name = Debug;
		};
		609CC9622B05EBC4008C618B /* Release */ = {
			isa = XCBuildConfiguration;
			buildSettings = {
				ALWAYS_SEARCH_USER_PATHS = NO;
				ASSETCATALOG_COMPILER_GENERATE_SWIFT_ASSET_SYMBOL_EXTENSIONS = YES;
				CLANG_ANALYZER_NONNULL = YES;
				CLANG_ANALYZER_NUMBER_OBJECT_CONVERSION = YES_AGGRESSIVE;
				CLANG_CXX_LANGUAGE_STANDARD = "gnu++20";
				CLANG_ENABLE_MODULES = YES;
				CLANG_ENABLE_OBJC_ARC = YES;
				CLANG_ENABLE_OBJC_WEAK = YES;
				CLANG_WARN_BLOCK_CAPTURE_AUTORELEASING = YES;
				CLANG_WARN_BOOL_CONVERSION = YES;
				CLANG_WARN_COMMA = YES;
				CLANG_WARN_CONSTANT_CONVERSION = YES;
				CLANG_WARN_DEPRECATED_OBJC_IMPLEMENTATIONS = YES;
				CLANG_WARN_DIRECT_OBJC_ISA_USAGE = YES_ERROR;
				CLANG_WARN_DOCUMENTATION_COMMENTS = YES;
				CLANG_WARN_EMPTY_BODY = YES;
				CLANG_WARN_ENUM_CONVERSION = YES;
				CLANG_WARN_INFINITE_RECURSION = YES;
				CLANG_WARN_INT_CONVERSION = YES;
				CLANG_WARN_NON_LITERAL_NULL_CONVERSION = YES;
				CLANG_WARN_OBJC_IMPLICIT_RETAIN_SELF = YES;
				CLANG_WARN_OBJC_LITERAL_CONVERSION = YES;
				CLANG_WARN_OBJC_ROOT_CLASS = YES_ERROR;
				CLANG_WARN_QUOTED_INCLUDE_IN_FRAMEWORK_HEADER = YES;
				CLANG_WARN_RANGE_LOOP_ANALYSIS = YES;
				CLANG_WARN_STRICT_PROTOTYPES = YES;
				CLANG_WARN_SUSPICIOUS_MOVE = YES;
				CLANG_WARN_UNGUARDED_AVAILABILITY = YES_AGGRESSIVE;
				CLANG_WARN_UNREACHABLE_CODE = YES;
				CLANG_WARN__DUPLICATE_METHOD_MATCH = YES;
				COPY_PHASE_STRIP = NO;
				DEBUG_INFORMATION_FORMAT = "dwarf-with-dsym";
				ENABLE_NS_ASSERTIONS = NO;
				ENABLE_STRICT_OBJC_MSGSEND = YES;
				ENABLE_USER_SCRIPT_SANDBOXING = YES;
				GCC_C_LANGUAGE_STANDARD = gnu17;
				GCC_NO_COMMON_BLOCKS = YES;
				GCC_WARN_64_TO_32_BIT_CONVERSION = YES;
				GCC_WARN_ABOUT_RETURN_TYPE = YES_ERROR;
				GCC_WARN_UNDECLARED_SELECTOR = YES;
				GCC_WARN_UNINITIALIZED_AUTOS = YES_AGGRESSIVE;
				GCC_WARN_UNUSED_FUNCTION = YES;
				GCC_WARN_UNUSED_VARIABLE = YES;
				IPHONEOS_DEPLOYMENT_TARGET = 17.0;
				LOCALIZATION_PREFERS_STRING_CATALOGS = YES;
				MTL_ENABLE_DEBUG_INFO = NO;
				MTL_FAST_MATH = YES;
				SDKROOT = iphoneos;
				SWIFT_COMPILATION_MODE = wholemodule;
				VALIDATE_PRODUCT = YES;
			};
			name = Release;
		};
		609CC9642B05EBC4008C618B /* Debug */ = {
			isa = XCBuildConfiguration;
			buildSettings = {
				ASSETCATALOG_COMPILER_APPICON_NAME = AppIcon;
				ASSETCATALOG_COMPILER_GLOBAL_ACCENT_COLOR_NAME = AccentColor;
				CODE_SIGN_STYLE = Automatic;
				CURRENT_PROJECT_VERSION = 1;
				DEVELOPMENT_ASSET_PATHS = "\"App-Frameworks/Preview Content\"";
				DEVELOPMENT_TEAM = WV7RBMW9QX;
				ENABLE_PREVIEWS = YES;
				GENERATE_INFOPLIST_FILE = YES;
				INFOPLIST_KEY_UIApplicationSceneManifest_Generation = YES;
				INFOPLIST_KEY_UIApplicationSupportsIndirectInputEvents = YES;
				INFOPLIST_KEY_UILaunchScreen_Generation = YES;
				INFOPLIST_KEY_UISupportedInterfaceOrientations_iPad = "UIInterfaceOrientationPortrait UIInterfaceOrientationPortraitUpsideDown UIInterfaceOrientationLandscapeLeft UIInterfaceOrientationLandscapeRight";
				INFOPLIST_KEY_UISupportedInterfaceOrientations_iPhone = "UIInterfaceOrientationPortrait UIInterfaceOrientationLandscapeLeft UIInterfaceOrientationLandscapeRight";
				LD_RUNPATH_SEARCH_PATHS = (
					"$(inherited)",
					"@executable_path/Frameworks",
				);
				MARKETING_VERSION = 1.0;
				PRODUCT_BUNDLE_IDENTIFIER = "com.SwiftUI.App-Frameworks";
				PRODUCT_NAME = "$(TARGET_NAME)";
				SWIFT_EMIT_LOC_STRINGS = YES;
				SWIFT_VERSION = 5.0;
				TARGETED_DEVICE_FAMILY = "1,2";
			};
			name = Debug;
		};
		609CC9652B05EBC4008C618B /* Release */ = {
			isa = XCBuildConfiguration;
			buildSettings = {
				ASSETCATALOG_COMPILER_APPICON_NAME = AppIcon;
				ASSETCATALOG_COMPILER_GLOBAL_ACCENT_COLOR_NAME = AccentColor;
				CODE_SIGN_STYLE = Automatic;
				CURRENT_PROJECT_VERSION = 1;
				DEVELOPMENT_ASSET_PATHS = "\"App-Frameworks/Preview Content\"";
				DEVELOPMENT_TEAM = WV7RBMW9QX;
				ENABLE_PREVIEWS = YES;
				GENERATE_INFOPLIST_FILE = YES;
				INFOPLIST_KEY_UIApplicationSceneManifest_Generation = YES;
				INFOPLIST_KEY_UIApplicationSupportsIndirectInputEvents = YES;
				INFOPLIST_KEY_UILaunchScreen_Generation = YES;
				INFOPLIST_KEY_UISupportedInterfaceOrientations_iPad = "UIInterfaceOrientationPortrait UIInterfaceOrientationPortraitUpsideDown UIInterfaceOrientationLandscapeLeft UIInterfaceOrientationLandscapeRight";
				INFOPLIST_KEY_UISupportedInterfaceOrientations_iPhone = "UIInterfaceOrientationPortrait UIInterfaceOrientationLandscapeLeft UIInterfaceOrientationLandscapeRight";
				LD_RUNPATH_SEARCH_PATHS = (
					"$(inherited)",
					"@executable_path/Frameworks",
				);
				MARKETING_VERSION = 1.0;
				PRODUCT_BUNDLE_IDENTIFIER = "com.SwiftUI.App-Frameworks";
				PRODUCT_NAME = "$(TARGET_NAME)";
				SWIFT_EMIT_LOC_STRINGS = YES;
				SWIFT_VERSION = 5.0;
				TARGETED_DEVICE_FAMILY = "1,2";
			};
			name = Release;
		};
		609CC9672B05EBC4008C618B /* Debug */ = {
			isa = XCBuildConfiguration;
			buildSettings = {
				ALWAYS_EMBED_SWIFT_STANDARD_LIBRARIES = YES;
				BUNDLE_LOADER = "$(TEST_HOST)";
				CODE_SIGN_STYLE = Automatic;
				CURRENT_PROJECT_VERSION = 1;
				DEVELOPMENT_TEAM = WV7RBMW9QX;
				GENERATE_INFOPLIST_FILE = YES;
				IPHONEOS_DEPLOYMENT_TARGET = 17.0;
				MARKETING_VERSION = 1.0;
				PRODUCT_BUNDLE_IDENTIFIER = "com.SwiftUI.App-FrameworksTests";
				PRODUCT_NAME = "$(TARGET_NAME)";
				SWIFT_EMIT_LOC_STRINGS = NO;
				SWIFT_VERSION = 5.0;
				TARGETED_DEVICE_FAMILY = "1,2";
				TEST_HOST = "$(BUILT_PRODUCTS_DIR)/App-Frameworks.app/$(BUNDLE_EXECUTABLE_FOLDER_PATH)/App-Frameworks";
			};
			name = Debug;
		};
		609CC9682B05EBC4008C618B /* Release */ = {
			isa = XCBuildConfiguration;
			buildSettings = {
				ALWAYS_EMBED_SWIFT_STANDARD_LIBRARIES = YES;
				BUNDLE_LOADER = "$(TEST_HOST)";
				CODE_SIGN_STYLE = Automatic;
				CURRENT_PROJECT_VERSION = 1;
				DEVELOPMENT_TEAM = WV7RBMW9QX;
				GENERATE_INFOPLIST_FILE = YES;
				IPHONEOS_DEPLOYMENT_TARGET = 17.0;
				MARKETING_VERSION = 1.0;
				PRODUCT_BUNDLE_IDENTIFIER = "com.SwiftUI.App-FrameworksTests";
				PRODUCT_NAME = "$(TARGET_NAME)";
				SWIFT_EMIT_LOC_STRINGS = NO;
				SWIFT_VERSION = 5.0;
				TARGETED_DEVICE_FAMILY = "1,2";
				TEST_HOST = "$(BUILT_PRODUCTS_DIR)/App-Frameworks.app/$(BUNDLE_EXECUTABLE_FOLDER_PATH)/App-Frameworks";
			};
			name = Release;
		};
		609CC96A2B05EBC4008C618B /* Debug */ = {
			isa = XCBuildConfiguration;
			buildSettings = {
				ALWAYS_EMBED_SWIFT_STANDARD_LIBRARIES = YES;
				CODE_SIGN_STYLE = Automatic;
				CURRENT_PROJECT_VERSION = 1;
				DEVELOPMENT_TEAM = WV7RBMW9QX;
				GENERATE_INFOPLIST_FILE = YES;
				MARKETING_VERSION = 1.0;
				PRODUCT_BUNDLE_IDENTIFIER = "com.SwiftUI.App-FrameworksUITests";
				PRODUCT_NAME = "$(TARGET_NAME)";
				SWIFT_EMIT_LOC_STRINGS = NO;
				SWIFT_VERSION = 5.0;
				TARGETED_DEVICE_FAMILY = "1,2";
				TEST_TARGET_NAME = "App-Frameworks";
			};
			name = Debug;
		};
		609CC96B2B05EBC4008C618B /* Release */ = {
			isa = XCBuildConfiguration;
			buildSettings = {
				ALWAYS_EMBED_SWIFT_STANDARD_LIBRARIES = YES;
				CODE_SIGN_STYLE = Automatic;
				CURRENT_PROJECT_VERSION = 1;
				DEVELOPMENT_TEAM = WV7RBMW9QX;
				GENERATE_INFOPLIST_FILE = YES;
				MARKETING_VERSION = 1.0;
				PRODUCT_BUNDLE_IDENTIFIER = "com.SwiftUI.App-FrameworksUITests";
				PRODUCT_NAME = "$(TARGET_NAME)";
				SWIFT_EMIT_LOC_STRINGS = NO;
				SWIFT_VERSION = 5.0;
				TARGETED_DEVICE_FAMILY = "1,2";
				TEST_TARGET_NAME = "App-Frameworks";
			};
			name = Release;
		};
/* End XCBuildConfiguration section */

/* Begin XCConfigurationList section */
		609CC93A2B05EBBC008C618B /* Build configuration list for PBXProject "App-Frameworks" */ = {
			isa = XCConfigurationList;
			buildConfigurations = (
				609CC9612B05EBC4008C618B /* Debug */,
				609CC9622B05EBC4008C618B /* Release */,
			);
			defaultConfigurationIsVisible = 0;
			defaultConfigurationName = Release;
		};
		609CC9632B05EBC4008C618B /* Build configuration list for PBXNativeTarget "App-Frameworks" */ = {
			isa = XCConfigurationList;
			buildConfigurations = (
				609CC9642B05EBC4008C618B /* Debug */,
				609CC9652B05EBC4008C618B /* Release */,
			);
			defaultConfigurationIsVisible = 0;
			defaultConfigurationName = Release;
		};
		609CC9662B05EBC4008C618B /* Build configuration list for PBXNativeTarget "App-FrameworksTests" */ = {
			isa = XCConfigurationList;
			buildConfigurations = (
				609CC9672B05EBC4008C618B /* Debug */,
				609CC9682B05EBC4008C618B /* Release */,
			);
			defaultConfigurationIsVisible = 0;
			defaultConfigurationName = Release;
		};
		609CC9692B05EBC4008C618B /* Build configuration list for PBXNativeTarget "App-FrameworksUITests" */ = {
			isa = XCConfigurationList;
			buildConfigurations = (
				609CC96A2B05EBC4008C618B /* Debug */,
				609CC96B2B05EBC4008C618B /* Release */,
			);
			defaultConfigurationIsVisible = 0;
			defaultConfigurationName = Release;
		};
/* End XCConfigurationList section */
	};
	rootObject = 609CC9372B05EBBC008C618B /* Project object */;
}
